
Microsoft Visual Studio Solution File, Format Version 12.00
# Visual Studio Version 16
VisualStudioVersion = 16.0.29613.14
MinimumVisualStudioVersion = 10.0.40219.1
Project("{9A19103F-16F7-4668-BE54-9A1E7A4F7556}") = "SecretaryApp.Domain", "SecretaryApp.Domain\SecretaryApp.Domain.csproj", "{B26FC189-D1C6-460B-B11C-E5D904FE332C}"
EndProject
Project("{9A19103F-16F7-4668-BE54-9A1E7A4F7556}") = "SecretaryApp.EntityFramework", "SecretaryApp.EntityFramework\SecretaryApp.EntityFramework.csproj", "{81C48485-2CD7-4C82-B624-7F9BB22EE873}"
EndProject
Project("{FAE04EC0-301F-11D3-BF4B-00C04F79EFBC}") = "SecretaryApp.WPF", "SecretaryApp.WPF\SecretaryApp.WPF.csproj", "{CABBB4BB-CE1B-4CCA-9FB6-98056D1D9230}"
EndProject
Global
	GlobalSection(SolutionConfigurationPlatforms) = preSolution
		Debug|Any CPU = Debug|Any CPU
		Release|Any CPU = Release|Any CPU
	EndGlobalSection
	GlobalSection(ProjectConfigurationPlatforms) = postSolution
		{B26FC189-D1C6-460B-B11C-E5D904FE332C}.Debug|Any CPU.ActiveCfg = Debug|Any CPU
		{B26FC189-D1C6-460B-B11C-E5D904FE332C}.Debug|Any CPU.Build.0 = Debug|Any CPU
		{B26FC189-D1C6-460B-B11C-E5D904FE332C}.Release|Any CPU.ActiveCfg = Release|Any CPU
		{B26FC189-D1C6-460B-B11C-E5D904FE332C}.Release|Any CPU.Build.0 = Release|Any CPU
		{81C48485-2CD7-4C82-B624-7F9BB22EE873}.Debug|Any CPU.ActiveCfg = Debug|Any CPU
		{81C48485-2CD7-4C82-B624-7F9BB22EE873}.Debug|Any CPU.Build.0 = Debug|Any CPU
		{81C48485-2CD7-4C82-B624-7F9BB22EE873}.Release|Any CPU.ActiveCfg = Release|Any CPU
		{81C48485-2CD7-4C82-B624-7F9BB22EE873}.Release|Any CPU.Build.0 = Release|Any CPU
		{CABBB4BB-CE1B-4CCA-9FB6-98056D1D9230}.Debug|Any CPU.ActiveCfg = Debug|Any CPU
		{CABBB4BB-CE1B-4CCA-9FB6-98056D1D9230}.Debug|Any CPU.Build.0 = Debug|Any CPU
		{CABBB4BB-CE1B-4CCA-9FB6-98056D1D9230}.Release|Any CPU.ActiveCfg = Release|Any CPU
		{CABBB4BB-CE1B-4CCA-9FB6-98056D1D9230}.Release|Any CPU.Build.0 = Release|Any CPU
	EndGlobalSection
	GlobalSection(SolutionProperties) = preSolution
		HideSolutionNode = FALSE
	EndGlobalSection
	GlobalSection(ExtensibilityGlobals) = postSolution
		SolutionGuid = {DA0546F4-D621-4689-843D-414E9F874345}
	EndGlobalSection
EndGlobal
